// !$*UTF8*$!
{
	archiveVersion = 1;
	classes = {
	};
	objectVersion = 56;
	objects = {

/* Begin PBXBuildFile section */
		844A95ED2C162D02002633C3 /* UserAuthApp.swift in Sources */ = {isa = PBXBuildFile; fileRef = 844A95EC2C162D02002633C3 /* UserAuthApp.swift */; };
		844A95EF2C162D02002633C3 /* ContentView.swift in Sources */ = {isa = PBXBuildFile; fileRef = 844A95EE2C162D02002633C3 /* ContentView.swift */; };
		844A95F12C162D03002633C3 /* Assets.xcassets in Resources */ = {isa = PBXBuildFile; fileRef = 844A95F02C162D03002633C3 /* Assets.xcassets */; };
		844A95F42C162D03002633C3 /* Preview Assets.xcassets in Resources */ = {isa = PBXBuildFile; fileRef = 844A95F32C162D03002633C3 /* Preview Assets.xcassets */; };
		844A95FB2C162E21002633C3 /* GoogleService-Info.plist in Resources */ = {isa = PBXBuildFile; fileRef = 844A95FA2C162E21002633C3 /* GoogleService-Info.plist */; };
		844A95FE2C162E6D002633C3 /* FirebaseAnalytics in Frameworks */ = {isa = PBXBuildFile; productRef = 844A95FD2C162E6D002633C3 /* FirebaseAnalytics */; };
		844A96002C162E6D002633C3 /* FirebaseAnalyticsOnDeviceConversion in Frameworks */ = {isa = PBXBuildFile; productRef = 844A95FF2C162E6D002633C3 /* FirebaseAnalyticsOnDeviceConversion */; };
		844A96022C162E6D002633C3 /* FirebaseAnalyticsSwift in Frameworks */ = {isa = PBXBuildFile; productRef = 844A96012C162E6D002633C3 /* FirebaseAnalyticsSwift */; };
		844A96042C162E6D002633C3 /* FirebaseAnalyticsWithoutAdIdSupport in Frameworks */ = {isa = PBXBuildFile; productRef = 844A96032C162E6D002633C3 /* FirebaseAnalyticsWithoutAdIdSupport */; };
		844A96062C162E6D002633C3 /* FirebaseAppCheck in Frameworks */ = {isa = PBXBuildFile; productRef = 844A96052C162E6D002633C3 /* FirebaseAppCheck */; };
		844A96082C162E6D002633C3 /* FirebaseAppDistribution-Beta in Frameworks */ = {isa = PBXBuildFile; productRef = 844A96072C162E6D002633C3 /* FirebaseAppDistribution-Beta */; };
		844A960A2C162E6D002633C3 /* FirebaseAuth in Frameworks */ = {isa = PBXBuildFile; productRef = 844A96092C162E6D002633C3 /* FirebaseAuth */; };
		844A960C2C162E6D002633C3 /* FirebaseAuthCombine-Community in Frameworks */ = {isa = PBXBuildFile; productRef = 844A960B2C162E6D002633C3 /* FirebaseAuthCombine-Community */; };
		844A960E2C162E6D002633C3 /* FirebaseCrashlytics in Frameworks */ = {isa = PBXBuildFile; productRef = 844A960D2C162E6D002633C3 /* FirebaseCrashlytics */; };
		844A96102C162E6D002633C3 /* FirebaseDatabase in Frameworks */ = {isa = PBXBuildFile; productRef = 844A960F2C162E6D002633C3 /* FirebaseDatabase */; };
		844A96122C162E6D002633C3 /* FirebaseDatabaseSwift in Frameworks */ = {isa = PBXBuildFile; productRef = 844A96112C162E6D002633C3 /* FirebaseDatabaseSwift */; };
		844A96142C162E6D002633C3 /* FirebaseDynamicLinks in Frameworks */ = {isa = PBXBuildFile; productRef = 844A96132C162E6D002633C3 /* FirebaseDynamicLinks */; };
		844A96162C162E6D002633C3 /* FirebaseFirestore in Frameworks */ = {isa = PBXBuildFile; productRef = 844A96152C162E6D002633C3 /* FirebaseFirestore */; };
		844A96182C162E6D002633C3 /* FirebaseFirestoreCombine-Community in Frameworks */ = {isa = PBXBuildFile; productRef = 844A96172C162E6D002633C3 /* FirebaseFirestoreCombine-Community */; };
		844A961A2C162E6D002633C3 /* FirebaseFirestoreSwift in Frameworks */ = {isa = PBXBuildFile; productRef = 844A96192C162E6D002633C3 /* FirebaseFirestoreSwift */; };
		844A961C2C162E6D002633C3 /* FirebaseFunctions in Frameworks */ = {isa = PBXBuildFile; productRef = 844A961B2C162E6D002633C3 /* FirebaseFunctions */; };
		844A961E2C162E6D002633C3 /* FirebaseFunctionsCombine-Community in Frameworks */ = {isa = PBXBuildFile; productRef = 844A961D2C162E6D002633C3 /* FirebaseFunctionsCombine-Community */; };
		844A96202C162E6D002633C3 /* FirebaseInAppMessaging-Beta in Frameworks */ = {isa = PBXBuildFile; productRef = 844A961F2C162E6D002633C3 /* FirebaseInAppMessaging-Beta */; };
		844A96222C162E6D002633C3 /* FirebaseInAppMessagingSwift-Beta in Frameworks */ = {isa = PBXBuildFile; productRef = 844A96212C162E6D002633C3 /* FirebaseInAppMessagingSwift-Beta */; };
		844A96242C162E6D002633C3 /* FirebaseInstallations in Frameworks */ = {isa = PBXBuildFile; productRef = 844A96232C162E6D002633C3 /* FirebaseInstallations */; };
		844A96262C162E6D002633C3 /* FirebaseMLModelDownloader in Frameworks */ = {isa = PBXBuildFile; productRef = 844A96252C162E6D002633C3 /* FirebaseMLModelDownloader */; };
		844A96282C162E6D002633C3 /* FirebaseMessaging in Frameworks */ = {isa = PBXBuildFile; productRef = 844A96272C162E6D002633C3 /* FirebaseMessaging */; };
		844A962A2C162E6D002633C3 /* FirebasePerformance in Frameworks */ = {isa = PBXBuildFile; productRef = 844A96292C162E6D002633C3 /* FirebasePerformance */; };
		844A962C2C162E6D002633C3 /* FirebaseRemoteConfig in Frameworks */ = {isa = PBXBuildFile; productRef = 844A962B2C162E6D002633C3 /* FirebaseRemoteConfig */; };
		844A962E2C162E6D002633C3 /* FirebaseRemoteConfigSwift in Frameworks */ = {isa = PBXBuildFile; productRef = 844A962D2C162E6D002633C3 /* FirebaseRemoteConfigSwift */; };
		844A96302C162E6D002633C3 /* FirebaseStorage in Frameworks */ = {isa = PBXBuildFile; productRef = 844A962F2C162E6D002633C3 /* FirebaseStorage */; };
		844A96322C162E6D002633C3 /* FirebaseStorageCombine-Community in Frameworks */ = {isa = PBXBuildFile; productRef = 844A96312C162E6D002633C3 /* FirebaseStorageCombine-Community */; };
		844A96342C162E6D002633C3 /* FirebaseVertexAI-Preview in Frameworks */ = {isa = PBXBuildFile; productRef = 844A96332C162E6D002633C3 /* FirebaseVertexAI-Preview */; };
		844A96362C162EC4002633C3 /* LoginView.swift in Sources */ = {isa = PBXBuildFile; fileRef = 844A96352C162EC4002633C3 /* LoginView.swift */; };
		844A96382C16316F002633C3 /* SignUpView.swift in Sources */ = {isa = PBXBuildFile; fileRef = 844A96372C16316F002633C3 /* SignUpView.swift */; };
/* End PBXBuildFile section */

/* Begin PBXFileReference section */
		844A95E92C162D02002633C3 /* UserAuth.app */ = {isa = PBXFileReference; explicitFileType = wrapper.application; includeInIndex = 0; path = UserAuth.app; sourceTree = BUILT_PRODUCTS_DIR; };
		844A95EC2C162D02002633C3 /* UserAuthApp.swift */ = {isa = PBXFileReference; lastKnownFileType = sourcecode.swift; path = UserAuthApp.swift; sourceTree = "<group>"; };
		844A95EE2C162D02002633C3 /* ContentView.swift */ = {isa = PBXFileReference; lastKnownFileType = sourcecode.swift; path = ContentView.swift; sourceTree = "<group>"; };
		844A95F02C162D03002633C3 /* Assets.xcassets */ = {isa = PBXFileReference; lastKnownFileType = folder.assetcatalog; path = Assets.xcassets; sourceTree = "<group>"; };
		844A95F32C162D03002633C3 /* Preview Assets.xcassets */ = {isa = PBXFileReference; lastKnownFileType = folder.assetcatalog; path = "Preview Assets.xcassets"; sourceTree = "<group>"; };
		844A95FA2C162E21002633C3 /* GoogleService-Info.plist */ = {isa = PBXFileReference; fileEncoding = 4; lastKnownFileType = text.plist.xml; name = "GoogleService-Info.plist"; path = "../../../../Downloads/GoogleService-Info.plist"; sourceTree = "<group>"; };
		844A96352C162EC4002633C3 /* LoginView.swift */ = {isa = PBXFileReference; lastKnownFileType = sourcecode.swift; path = LoginView.swift; sourceTree = "<group>"; };
		844A96372C16316F002633C3 /* SignUpView.swift */ = {isa = PBXFileReference; lastKnownFileType = sourcecode.swift; path = SignUpView.swift; sourceTree = "<group>"; };
/* End PBXFileReference section */

/* Begin PBXFrameworksBuildPhase section */
		844A95E62C162D02002633C3 /* Frameworks */ = {
			isa = PBXFrameworksBuildPhase;
			buildActionMask = 2147483647;
			files = (
				844A96102C162E6D002633C3 /* FirebaseDatabase in Frameworks */,
				844A961E2C162E6D002633C3 /* FirebaseFunctionsCombine-Community in Frameworks */,
				844A96162C162E6D002633C3 /* FirebaseFirestore in Frameworks */,
				844A96022C162E6D002633C3 /* FirebaseAnalyticsSwift in Frameworks */,
				844A95FE2C162E6D002633C3 /* FirebaseAnalytics in Frameworks */,
				844A96002C162E6D002633C3 /* FirebaseAnalyticsOnDeviceConversion in Frameworks */,
				844A96262C162E6D002633C3 /* FirebaseMLModelDownloader in Frameworks */,
				844A961A2C162E6D002633C3 /* FirebaseFirestoreSwift in Frameworks */,
				844A96062C162E6D002633C3 /* FirebaseAppCheck in Frameworks */,
				844A96042C162E6D002633C3 /* FirebaseAnalyticsWithoutAdIdSupport in Frameworks */,
				844A960A2C162E6D002633C3 /* FirebaseAuth in Frameworks */,
				844A960E2C162E6D002633C3 /* FirebaseCrashlytics in Frameworks */,
				844A962E2C162E6D002633C3 /* FirebaseRemoteConfigSwift in Frameworks */,
				844A96202C162E6D002633C3 /* FirebaseInAppMessaging-Beta in Frameworks */,
				844A96122C162E6D002633C3 /* FirebaseDatabaseSwift in Frameworks */,
				844A961C2C162E6D002633C3 /* FirebaseFunctions in Frameworks */,
				844A96322C162E6D002633C3 /* FirebaseStorageCombine-Community in Frameworks */,
				844A962C2C162E6D002633C3 /* FirebaseRemoteConfig in Frameworks */,
				844A96082C162E6D002633C3 /* FirebaseAppDistribution-Beta in Frameworks */,
				844A960C2C162E6D002633C3 /* FirebaseAuthCombine-Community in Frameworks */,
				844A962A2C162E6D002633C3 /* FirebasePerformance in Frameworks */,
				844A96222C162E6D002633C3 /* FirebaseInAppMessagingSwift-Beta in Frameworks */,
				844A96302C162E6D002633C3 /* FirebaseStorage in Frameworks */,
				844A96142C162E6D002633C3 /* FirebaseDynamicLinks in Frameworks */,
				844A96342C162E6D002633C3 /* FirebaseVertexAI-Preview in Frameworks */,
				844A96182C162E6D002633C3 /* FirebaseFirestoreCombine-Community in Frameworks */,
				844A96282C162E6D002633C3 /* FirebaseMessaging in Frameworks */,
				844A96242C162E6D002633C3 /* FirebaseInstallations in Frameworks */,
			);
			runOnlyForDeploymentPostprocessing = 0;
		};
/* End PBXFrameworksBuildPhase section */

/* Begin PBXGroup section */
		844A95E02C162D02002633C3 = {
			isa = PBXGroup;
			children = (
				844A96372C16316F002633C3 /* SignUpView.swift */,
				844A96352C162EC4002633C3 /* LoginView.swift */,
				844A95EB2C162D02002633C3 /* UserAuth */,
				844A95EA2C162D02002633C3 /* Products */,
			);
			sourceTree = "<group>";
		};
		844A95EA2C162D02002633C3 /* Products */ = {
			isa = PBXGroup;
			children = (
				844A95E92C162D02002633C3 /* UserAuth.app */,
			);
			name = Products;
			sourceTree = "<group>";
		};
		844A95EB2C162D02002633C3 /* UserAuth */ = {
			isa = PBXGroup;
			children = (
				844A95EC2C162D02002633C3 /* UserAuthApp.swift */,
				844A95EE2C162D02002633C3 /* ContentView.swift */,
				844A95F02C162D03002633C3 /* Assets.xcassets */,
				844A95FA2C162E21002633C3 /* GoogleService-Info.plist */,
				844A95F22C162D03002633C3 /* Preview Content */,
			);
			path = UserAuth;
			sourceTree = "<group>";
		};
		844A95F22C162D03002633C3 /* Preview Content */ = {
			isa = PBXGroup;
			children = (
				844A95F32C162D03002633C3 /* Preview Assets.xcassets */,
			);
			path = "Preview Content";
			sourceTree = "<group>";
		};
/* End PBXGroup section */

/* Begin PBXNativeTarget section */
		844A95E82C162D02002633C3 /* UserAuth */ = {
			isa = PBXNativeTarget;
			buildConfigurationList = 844A95F72C162D03002633C3 /* Build configuration list for PBXNativeTarget "UserAuth" */;
			buildPhases = (
				844A95E52C162D02002633C3 /* Sources */,
				844A95E62C162D02002633C3 /* Frameworks */,
				844A95E72C162D02002633C3 /* Resources */,
			);
			buildRules = (
			);
			dependencies = (
			);
			name = UserAuth;
			packageProductDependencies = (
				844A95FD2C162E6D002633C3 /* FirebaseAnalytics */,
				844A95FF2C162E6D002633C3 /* FirebaseAnalyticsOnDeviceConversion */,
				844A96012C162E6D002633C3 /* FirebaseAnalyticsSwift */,
				844A96032C162E6D002633C3 /* FirebaseAnalyticsWithoutAdIdSupport */,
				844A96052C162E6D002633C3 /* FirebaseAppCheck */,
				844A96072C162E6D002633C3 /* FirebaseAppDistribution-Beta */,
				844A96092C162E6D002633C3 /* FirebaseAuth */,
				844A960B2C162E6D002633C3 /* FirebaseAuthCombine-Community */,
				844A960D2C162E6D002633C3 /* FirebaseCrashlytics */,
				844A960F2C162E6D002633C3 /* FirebaseDatabase */,
				844A96112C162E6D002633C3 /* FirebaseDatabaseSwift */,
				844A96132C162E6D002633C3 /* FirebaseDynamicLinks */,
				844A96152C162E6D002633C3 /* FirebaseFirestore */,
				844A96172C162E6D002633C3 /* FirebaseFirestoreCombine-Community */,
				844A96192C162E6D002633C3 /* FirebaseFirestoreSwift */,
				844A961B2C162E6D002633C3 /* FirebaseFunctions */,
				844A961D2C162E6D002633C3 /* FirebaseFunctionsCombine-Community */,
				844A961F2C162E6D002633C3 /* FirebaseInAppMessaging-Beta */,
				844A96212C162E6D002633C3 /* FirebaseInAppMessagingSwift-Beta */,
				844A96232C162E6D002633C3 /* FirebaseInstallations */,
				844A96252C162E6D002633C3 /* FirebaseMLModelDownloader */,
				844A96272C162E6D002633C3 /* FirebaseMessaging */,
				844A96292C162E6D002633C3 /* FirebasePerformance */,
				844A962B2C162E6D002633C3 /* FirebaseRemoteConfig */,
				844A962D2C162E6D002633C3 /* FirebaseRemoteConfigSwift */,
				844A962F2C162E6D002633C3 /* FirebaseStorage */,
				844A96312C162E6D002633C3 /* FirebaseStorageCombine-Community */,
				844A96332C162E6D002633C3 /* FirebaseVertexAI-Preview */,
			);
			productName = UserAuth;
			productReference = 844A95E92C162D02002633C3 /* UserAuth.app */;
			productType = "com.apple.product-type.application";
		};
/* End PBXNativeTarget section */

/* Begin PBXProject section */
		844A95E12C162D02002633C3 /* Project object */ = {
			isa = PBXProject;
			attributes = {
				BuildIndependentTargetsInParallel = 1;
				LastSwiftUpdateCheck = 1510;
				LastUpgradeCheck = 1510;
				TargetAttributes = {
					844A95E82C162D02002633C3 = {
						CreatedOnToolsVersion = 15.1;
					};
				};
			};
			buildConfigurationList = 844A95E42C162D02002633C3 /* Build configuration list for PBXProject "UserAuth" */;
			compatibilityVersion = "Xcode 14.0";
			developmentRegion = en;
			hasScannedForEncodings = 0;
			knownRegions = (
				en,
				Base,
			);
			mainGroup = 844A95E02C162D02002633C3;
			packageReferences = (
				844A95FC2C162E6D002633C3 /* XCRemoteSwiftPackageReference "firebase-ios-sdk" */,
			);
			productRefGroup = 844A95EA2C162D02002633C3 /* Products */;
			projectDirPath = "";
			projectRoot = "";
			targets = (
				844A95E82C162D02002633C3 /* UserAuth */,
			);
		};
/* End PBXProject section */

/* Begin PBXResourcesBuildPhase section */
		844A95E72C162D02002633C3 /* Resources */ = {
			isa = PBXResourcesBuildPhase;
			buildActionMask = 2147483647;
			files = (
				844A95F42C162D03002633C3 /* Preview Assets.xcassets in Resources */,
				844A95F12C162D03002633C3 /* Assets.xcassets in Resources */,
				844A95FB2C162E21002633C3 /* GoogleService-Info.plist in Resources */,
			);
			runOnlyForDeploymentPostprocessing = 0;
		};
/* End PBXResourcesBuildPhase section */

/* Begin PBXSourcesBuildPhase section */
		844A95E52C162D02002633C3 /* Sources */ = {
			isa = PBXSourcesBuildPhase;
			buildActionMask = 2147483647;
			files = (
				844A96382C16316F002633C3 /* SignUpView.swift in Sources */,
				844A96362C162EC4002633C3 /* LoginView.swift in Sources */,
				844A95EF2C162D02002633C3 /* ContentView.swift in Sources */,
				844A95ED2C162D02002633C3 /* UserAuthApp.swift in Sources */,
			);
			runOnlyForDeploymentPostprocessing = 0;
		};
/* End PBXSourcesBuildPhase section */

/* Begin XCBuildConfiguration section */
		844A95F52C162D03002633C3 /* Debug */ = {
			isa = XCBuildConfiguration;
			buildSettings = {
				ALWAYS_SEARCH_USER_PATHS = NO;
				ASSETCATALOG_COMPILER_GENERATE_SWIFT_ASSET_SYMBOL_EXTENSIONS = YES;
				CLANG_ANALYZER_NONNULL = YES;
				CLANG_ANALYZER_NUMBER_OBJECT_CONVERSION = YES_AGGRESSIVE;
				CLANG_CXX_LANGUAGE_STANDARD = "gnu++20";
				CLANG_ENABLE_MODULES = YES;
				CLANG_ENABLE_OBJC_ARC = YES;
				CLANG_ENABLE_OBJC_WEAK = YES;
				CLANG_WARN_BLOCK_CAPTURE_AUTORELEASING = YES;
				CLANG_WARN_BOOL_CONVERSION = YES;
				CLANG_WARN_COMMA = YES;
				CLANG_WARN_CONSTANT_CONVERSION = YES;
				CLANG_WARN_DEPRECATED_OBJC_IMPLEMENTATIONS = YES;
				CLANG_WARN_DIRECT_OBJC_ISA_USAGE = YES_ERROR;
				CLANG_WARN_DOCUMENTATION_COMMENTS = YES;
				CLANG_WARN_EMPTY_BODY = YES;
				CLANG_WARN_ENUM_CONVERSION = YES;
				CLANG_WARN_INFINITE_RECURSION = YES;
				CLANG_WARN_INT_CONVERSION = YES;
				CLANG_WARN_NON_LITERAL_NULL_CONVERSION = YES;
				CLANG_WARN_OBJC_IMPLICIT_RETAIN_SELF = YES;
				CLANG_WARN_OBJC_LITERAL_CONVERSION = YES;
				CLANG_WARN_OBJC_ROOT_CLASS = YES_ERROR;
				CLANG_WARN_QUOTED_INCLUDE_IN_FRAMEWORK_HEADER = YES;
				CLANG_WARN_RANGE_LOOP_ANALYSIS = YES;
				CLANG_WARN_STRICT_PROTOTYPES = YES;
				CLANG_WARN_SUSPICIOUS_MOVE = YES;
				CLANG_WARN_UNGUARDED_AVAILABILITY = YES_AGGRESSIVE;
				CLANG_WARN_UNREACHABLE_CODE = YES;
				CLANG_WARN__DUPLICATE_METHOD_MATCH = YES;
				COPY_PHASE_STRIP = NO;
				DEBUG_INFORMATION_FORMAT = dwarf;
				ENABLE_STRICT_OBJC_MSGSEND = YES;
				ENABLE_TESTABILITY = YES;
				ENABLE_USER_SCRIPT_SANDBOXING = YES;
				GCC_C_LANGUAGE_STANDARD = gnu17;
				GCC_DYNAMIC_NO_PIC = NO;
				GCC_NO_COMMON_BLOCKS = YES;
				GCC_OPTIMIZATION_LEVEL = 0;
				GCC_PREPROCESSOR_DEFINITIONS = (
					"DEBUG=1",
					"$(inherited)",
				);
				GCC_WARN_64_TO_32_BIT_CONVERSION = YES;
				GCC_WARN_ABOUT_RETURN_TYPE = YES_ERROR;
				GCC_WARN_UNDECLARED_SELECTOR = YES;
				GCC_WARN_UNINITIALIZED_AUTOS = YES_AGGRESSIVE;
				GCC_WARN_UNUSED_FUNCTION = YES;
				GCC_WARN_UNUSED_VARIABLE = YES;
				IPHONEOS_DEPLOYMENT_TARGET = 17.2;
				LOCALIZATION_PREFERS_STRING_CATALOGS = YES;
				MTL_ENABLE_DEBUG_INFO = INCLUDE_SOURCE;
				MTL_FAST_MATH = YES;
				ONLY_ACTIVE_ARCH = YES;
				SDKROOT = iphoneos;
				SWIFT_ACTIVE_COMPILATION_CONDITIONS = "DEBUG $(inherited)";
				SWIFT_OPTIMIZATION_LEVEL = "-Onone";
			};
			name = Debug;
		};
		844A95F62C162D03002633C3 /* Release */ = {
			isa = XCBuildConfiguration;
			buildSettings = {
				ALWAYS_SEARCH_USER_PATHS = NO;
				ASSETCATALOG_COMPILER_GENERATE_SWIFT_ASSET_SYMBOL_EXTENSIONS = YES;
				CLANG_ANALYZER_NONNULL = YES;
				CLANG_ANALYZER_NUMBER_OBJECT_CONVERSION = YES_AGGRESSIVE;
				CLANG_CXX_LANGUAGE_STANDARD = "gnu++20";
				CLANG_ENABLE_MODULES = YES;
				CLANG_ENABLE_OBJC_ARC = YES;
				CLANG_ENABLE_OBJC_WEAK = YES;
				CLANG_WARN_BLOCK_CAPTURE_AUTORELEASING = YES;
				CLANG_WARN_BOOL_CONVERSION = YES;
				CLANG_WARN_COMMA = YES;
				CLANG_WARN_CONSTANT_CONVERSION = YES;
				CLANG_WARN_DEPRECATED_OBJC_IMPLEMENTATIONS = YES;
				CLANG_WARN_DIRECT_OBJC_ISA_USAGE = YES_ERROR;
				CLANG_WARN_DOCUMENTATION_COMMENTS = YES;
				CLANG_WARN_EMPTY_BODY = YES;
				CLANG_WARN_ENUM_CONVERSION = YES;
				CLANG_WARN_INFINITE_RECURSION = YES;
				CLANG_WARN_INT_CONVERSION = YES;
				CLANG_WARN_NON_LITERAL_NULL_CONVERSION = YES;
				CLANG_WARN_OBJC_IMPLICIT_RETAIN_SELF = YES;
				CLANG_WARN_OBJC_LITERAL_CONVERSION = YES;
				CLANG_WARN_OBJC_ROOT_CLASS = YES_ERROR;
				CLANG_WARN_QUOTED_INCLUDE_IN_FRAMEWORK_HEADER = YES;
				CLANG_WARN_RANGE_LOOP_ANALYSIS = YES;
				CLANG_WARN_STRICT_PROTOTYPES = YES;
				CLANG_WARN_SUSPICIOUS_MOVE = YES;
				CLANG_WARN_UNGUARDED_AVAILABILITY = YES_AGGRESSIVE;
				CLANG_WARN_UNREACHABLE_CODE = YES;
				CLANG_WARN__DUPLICATE_METHOD_MATCH = YES;
				COPY_PHASE_STRIP = NO;
				DEBUG_INFORMATION_FORMAT = "dwarf-with-dsym";
				ENABLE_NS_ASSERTIONS = NO;
				ENABLE_STRICT_OBJC_MSGSEND = YES;
				ENABLE_USER_SCRIPT_SANDBOXING = YES;
				GCC_C_LANGUAGE_STANDARD = gnu17;
				GCC_NO_COMMON_BLOCKS = YES;
				GCC_WARN_64_TO_32_BIT_CONVERSION = YES;
				GCC_WARN_ABOUT_RETURN_TYPE = YES_ERROR;
				GCC_WARN_UNDECLARED_SELECTOR = YES;
				GCC_WARN_UNINITIALIZED_AUTOS = YES_AGGRESSIVE;
				GCC_WARN_UNUSED_FUNCTION = YES;
				GCC_WARN_UNUSED_VARIABLE = YES;
				IPHONEOS_DEPLOYMENT_TARGET = 17.2;
				LOCALIZATION_PREFERS_STRING_CATALOGS = YES;
				MTL_ENABLE_DEBUG_INFO = NO;
				MTL_FAST_MATH = YES;
				SDKROOT = iphoneos;
				SWIFT_COMPILATION_MODE = wholemodule;
				VALIDATE_PRODUCT = YES;
			};
			name = Release;
		};
		844A95F82C162D03002633C3 /* Debug */ = {
			isa = XCBuildConfiguration;
			buildSettings = {
				ASSETCATALOG_COMPILER_APPICON_NAME = AppIcon;
				ASSETCATALOG_COMPILER_GLOBAL_ACCENT_COLOR_NAME = AccentColor;
				CODE_SIGN_STYLE = Automatic;
				CURRENT_PROJECT_VERSION = 1;
				DEVELOPMENT_ASSET_PATHS = "\"UserAuth/Preview Content\"";
				ENABLE_PREVIEWS = YES;
				GENERATE_INFOPLIST_FILE = YES;
				INFOPLIST_KEY_UIApplicationSceneManifest_Generation = YES;
				INFOPLIST_KEY_UIApplicationSupportsIndirectInputEvents = YES;
				INFOPLIST_KEY_UILaunchScreen_Generation = YES;
				INFOPLIST_KEY_UISupportedInterfaceOrientations_iPad = "UIInterfaceOrientationPortrait UIInterfaceOrientationPortraitUpsideDown UIInterfaceOrientationLandscapeLeft UIInterfaceOrientationLandscapeRight";
				INFOPLIST_KEY_UISupportedInterfaceOrientations_iPhone = "UIInterfaceOrientationPortrait UIInterfaceOrientationLandscapeLeft UIInterfaceOrientationLandscapeRight";
				LD_RUNPATH_SEARCH_PATHS = (
					"$(inherited)",
					"@executable_path/Frameworks",
				);
				MARKETING_VERSION = 1.0;
				PRODUCT_BUNDLE_IDENTIFIER = com.deandrbinns.UserAuth;
				PRODUCT_NAME = "$(TARGET_NAME)";
				SWIFT_EMIT_LOC_STRINGS = YES;
				SWIFT_VERSION = 5.0;
				TARGETED_DEVICE_FAMILY = "1,2";
			};
			name = Debug;
		};
		844A95F92C162D03002633C3 /* Release */ = {
			isa = XCBuildConfiguration;
			buildSettings = {
				ASSETCATALOG_COMPILER_APPICON_NAME = AppIcon;
				ASSETCATALOG_COMPILER_GLOBAL_ACCENT_COLOR_NAME = AccentColor;
				CODE_SIGN_STYLE = Automatic;
				CURRENT_PROJECT_VERSION = 1;
				DEVELOPMENT_ASSET_PATHS = "\"UserAuth/Preview Content\"";
				ENABLE_PREVIEWS = YES;
				GENERATE_INFOPLIST_FILE = YES;
				INFOPLIST_KEY_UIApplicationSceneManifest_Generation = YES;
				INFOPLIST_KEY_UIApplicationSupportsIndirectInputEvents = YES;
				INFOPLIST_KEY_UILaunchScreen_Generation = YES;
				INFOPLIST_KEY_UISupportedInterfaceOrientations_iPad = "UIInterfaceOrientationPortrait UIInterfaceOrientationPortraitUpsideDown UIInterfaceOrientationLandscapeLeft UIInterfaceOrientationLandscapeRight";
				INFOPLIST_KEY_UISupportedInterfaceOrientations_iPhone = "UIInterfaceOrientationPortrait UIInterfaceOrientationLandscapeLeft UIInterfaceOrientationLandscapeRight";
				LD_RUNPATH_SEARCH_PATHS = (
					"$(inherited)",
					"@executable_path/Frameworks",
				);
				MARKETING_VERSION = 1.0;
				PRODUCT_BUNDLE_IDENTIFIER = com.deandrbinns.UserAuth;
				PRODUCT_NAME = "$(TARGET_NAME)";
				SWIFT_EMIT_LOC_STRINGS = YES;
				SWIFT_VERSION = 5.0;
				TARGETED_DEVICE_FAMILY = "1,2";
			};
			name = Release;
		};
/* End XCBuildConfiguration section */

/* Begin XCConfigurationList section */
		844A95E42C162D02002633C3 /* Build configuration list for PBXProject "UserAuth" */ = {
			isa = XCConfigurationList;
			buildConfigurations = (
				844A95F52C162D03002633C3 /* Debug */,
				844A95F62C162D03002633C3 /* Release */,
			);
			defaultConfigurationIsVisible = 0;
			defaultConfigurationName = Release;
		};
		844A95F72C162D03002633C3 /* Build configuration list for PBXNativeTarget "UserAuth" */ = {
			isa = XCConfigurationList;
			buildConfigurations = (
				844A95F82C162D03002633C3 /* Debug */,
				844A95F92C162D03002633C3 /* Release */,
			);
			defaultConfigurationIsVisible = 0;
			defaultConfigurationName = Release;
		};
/* End XCConfigurationList section */

/* Begin XCRemoteSwiftPackageReference section */
		844A95FC2C162E6D002633C3 /* XCRemoteSwiftPackageReference "firebase-ios-sdk" */ = {
			isa = XCRemoteSwiftPackageReference;
			repositoryURL = "https://github.com/firebase/firebase-ios-sdk";
			requirement = {
				kind = upToNextMajorVersion;
				minimumVersion = 10.27.0;
			};
		};
/* End XCRemoteSwiftPackageReference section */

/* Begin XCSwiftPackageProductDependency section */
		844A95FD2C162E6D002633C3 /* FirebaseAnalytics */ = {
			isa = XCSwiftPackageProductDependency;
			package = 844A95FC2C162E6D002633C3 /* XCRemoteSwiftPackageReference "firebase-ios-sdk" */;
			productName = FirebaseAnalytics;
		};
		844A95FF2C162E6D002633C3 /* FirebaseAnalyticsOnDeviceConversion */ = {
			isa = XCSwiftPackageProductDependency;
			package = 844A95FC2C162E6D002633C3 /* XCRemoteSwiftPackageReference "firebase-ios-sdk" */;
			productName = FirebaseAnalyticsOnDeviceConversion;
		};
		844A96012C162E6D002633C3 /* FirebaseAnalyticsSwift */ = {
			isa = XCSwiftPackageProductDependency;
			package = 844A95FC2C162E6D002633C3 /* XCRemoteSwiftPackageReference "firebase-ios-sdk" */;
			productName = FirebaseAnalyticsSwift;
		};
		844A96032C162E6D002633C3 /* FirebaseAnalyticsWithoutAdIdSupport */ = {
			isa = XCSwiftPackageProductDependency;
			package = 844A95FC2C162E6D002633C3 /* XCRemoteSwiftPackageReference "firebase-ios-sdk" */;
			productName = FirebaseAnalyticsWithoutAdIdSupport;
		};
		844A96052C162E6D002633C3 /* FirebaseAppCheck */ = {
			isa = XCSwiftPackageProductDependency;
			package = 844A95FC2C162E6D002633C3 /* XCRemoteSwiftPackageReference "firebase-ios-sdk" */;
			productName = FirebaseAppCheck;
		};
		844A96072C162E6D002633C3 /* FirebaseAppDistribution-Beta */ = {
			isa = XCSwiftPackageProductDependency;
			package = 844A95FC2C162E6D002633C3 /* XCRemoteSwiftPackageReference "firebase-ios-sdk" */;
			productName = "FirebaseAppDistribution-Beta";
		};
		844A96092C162E6D002633C3 /* FirebaseAuth */ = {
			isa = XCSwiftPackageProductDependency;
			package = 844A95FC2C162E6D002633C3 /* XCRemoteSwiftPackageReference "firebase-ios-sdk" */;
			productName = FirebaseAuth;
		};
		844A960B2C162E6D002633C3 /* FirebaseAuthCombine-Community */ = {
			isa = XCSwiftPackageProductDependency;
			package = 844A95FC2C162E6D002633C3 /* XCRemoteSwiftPackageReference "firebase-ios-sdk" */;
			productName = "FirebaseAuthCombine-Community";
		};
		844A960D2C162E6D002633C3 /* FirebaseCrashlytics */ = {
			isa = XCSwiftPackageProductDependency;
			package = 844A95FC2C162E6D002633C3 /* XCRemoteSwiftPackageReference "firebase-ios-sdk" */;
			productName = FirebaseCrashlytics;
		};
		844A960F2C162E6D002633C3 /* FirebaseDatabase */ = {
			isa = XCSwiftPackageProductDependency;
			package = 844A95FC2C162E6D002633C3 /* XCRemoteSwiftPackageReference "firebase-ios-sdk" */;
			productName = FirebaseDatabase;
		};
		844A96112C162E6D002633C3 /* FirebaseDatabaseSwift */ = {
			isa = XCSwiftPackageProductDependency;
			package = 844A95FC2C162E6D002633C3 /* XCRemoteSwiftPackageReference "firebase-ios-sdk" */;
			productName = FirebaseDatabaseSwift;
		};
		844A96132C162E6D002633C3 /* FirebaseDynamicLinks */ = {
			isa = XCSwiftPackageProductDependency;
			package = 844A95FC2C162E6D002633C3 /* XCRemoteSwiftPackageReference "firebase-ios-sdk" */;
			productName = FirebaseDynamicLinks;
		};
		844A96152C162E6D002633C3 /* FirebaseFirestore */ = {
			isa = XCSwiftPackageProductDependency;
			package = 844A95FC2C162E6D002633C3 /* XCRemoteSwiftPackageReference "firebase-ios-sdk" */;
			productName = FirebaseFirestore;
		};
		844A96172C162E6D002633C3 /* FirebaseFirestoreCombine-Community */ = {
			isa = XCSwiftPackageProductDependency;
			package = 844A95FC2C162E6D002633C3 /* XCRemoteSwiftPackageReference "firebase-ios-sdk" */;
			productName = "FirebaseFirestoreCombine-Community";
		};
		844A96192C162E6D002633C3 /* FirebaseFirestoreSwift */ = {
			isa = XCSwiftPackageProductDependency;
			package = 844A95FC2C162E6D002633C3 /* XCRemoteSwiftPackageReference "firebase-ios-sdk" */;
			productName = FirebaseFirestoreSwift;
		};
		844A961B2C162E6D002633C3 /* FirebaseFunctions */ = {
			isa = XCSwiftPackageProductDependency;
			package = 844A95FC2C162E6D002633C3 /* XCRemoteSwiftPackageReference "firebase-ios-sdk" */;
			productName = FirebaseFunctions;
		};
		844A961D2C162E6D002633C3 /* FirebaseFunctionsCombine-Community */ = {
			isa = XCSwiftPackageProductDependency;
			package = 844A95FC2C162E6D002633C3 /* XCRemoteSwiftPackageReference "firebase-ios-sdk" */;
			productName = "FirebaseFunctionsCombine-Community";
		};
		844A961F2C162E6D002633C3 /* FirebaseInAppMessaging-Beta */ = {
			isa = XCSwiftPackageProductDependency;
			package = 844A95FC2C162E6D002633C3 /* XCRemoteSwiftPackageReference "firebase-ios-sdk" */;
			productName = "FirebaseInAppMessaging-Beta";
		};
		844A96212C162E6D002633C3 /* FirebaseInAppMessagingSwift-Beta */ = {
			isa = XCSwiftPackageProductDependency;
			package = 844A95FC2C162E6D002633C3 /* XCRemoteSwiftPackageReference "firebase-ios-sdk" */;
			productName = "FirebaseInAppMessagingSwift-Beta";
		};
		844A96232C162E6D002633C3 /* FirebaseInstallations */ = {
			isa = XCSwiftPackageProductDependency;
			package = 844A95FC2C162E6D002633C3 /* XCRemoteSwiftPackageReference "firebase-ios-sdk" */;
			productName = FirebaseInstallations;
		};
		844A96252C162E6D002633C3 /* FirebaseMLModelDownloader */ = {
			isa = XCSwiftPackageProductDependency;
			package = 844A95FC2C162E6D002633C3 /* XCRemoteSwiftPackageReference "firebase-ios-sdk" */;
			productName = FirebaseMLModelDownloader;
		};
		844A96272C162E6D002633C3 /* FirebaseMessaging */ = {
			isa = XCSwiftPackageProductDependency;
			package = 844A95FC2C162E6D002633C3 /* XCRemoteSwiftPackageReference "firebase-ios-sdk" */;
			productName = FirebaseMessaging;
		};
		844A96292C162E6D002633C3 /* FirebasePerformance */ = {
			isa = XCSwiftPackageProductDependency;
			package = 844A95FC2C162E6D002633C3 /* XCRemoteSwiftPackageReference "firebase-ios-sdk" */;
			productName = FirebasePerformance;
		};
		844A962B2C162E6D002633C3 /* FirebaseRemoteConfig */ = {
			isa = XCSwiftPackageProductDependency;
			package = 844A95FC2C162E6D002633C3 /* XCRemoteSwiftPackageReference "firebase-ios-sdk" */;
			productName = FirebaseRemoteConfig;
		};
		844A962D2C162E6D002633C3 /* FirebaseRemoteConfigSwift */ = {
			isa = XCSwiftPackageProductDependency;
			package = 844A95FC2C162E6D002633C3 /* XCRemoteSwiftPackageReference "firebase-ios-sdk" */;
			productName = FirebaseRemoteConfigSwift;
		};
		844A962F2C162E6D002633C3 /* FirebaseStorage */ = {
			isa = XCSwiftPackageProductDependency;
			package = 844A95FC2C162E6D002633C3 /* XCRemoteSwiftPackageReference "firebase-ios-sdk" */;
			productName = FirebaseStorage;
		};
		844A96312C162E6D002633C3 /* FirebaseStorageCombine-Community */ = {
			isa = XCSwiftPackageProductDependency;
			package = 844A95FC2C162E6D002633C3 /* XCRemoteSwiftPackageReference "firebase-ios-sdk" */;
			productName = "FirebaseStorageCombine-Community";
		};
		844A96332C162E6D002633C3 /* FirebaseVertexAI-Preview */ = {
			isa = XCSwiftPackageProductDependency;
			package = 844A95FC2C162E6D002633C3 /* XCRemoteSwiftPackageReference "firebase-ios-sdk" */;
			productName = "FirebaseVertexAI-Preview";
		};
/* End XCSwiftPackageProductDependency section */
	};
	rootObject = 844A95E12C162D02002633C3 /* Project object */;
}
